// !$*UTF8*$!
{
	archiveVersion = 1;
	classes = {
	};
	objectVersion = 56;
	objects = {

/* Begin PBXBuildFile section */
		9414EB1229B9F9AA00AC566D /* Coding_ChallengeApp.swift in Sources */ = {isa = PBXBuildFile; fileRef = 9414EB1129B9F9AA00AC566D /* Coding_ChallengeApp.swift */; };
		9414EB1429B9F9AA00AC566D /* ContentView.swift in Sources */ = {isa = PBXBuildFile; fileRef = 9414EB1329B9F9AA00AC566D /* ContentView.swift */; };
		9414EB1629B9F9AE00AC566D /* Assets.xcassets in Resources */ = {isa = PBXBuildFile; fileRef = 9414EB1529B9F9AE00AC566D /* Assets.xcassets */; };
		9414EB1929B9F9AE00AC566D /* Preview Assets.xcassets in Resources */ = {isa = PBXBuildFile; fileRef = 9414EB1829B9F9AE00AC566D /* Preview Assets.xcassets */; };
		9414EB2329B9F9AE00AC566D /* Coding_ChallengeTests.swift in Sources */ = {isa = PBXBuildFile; fileRef = 9414EB2229B9F9AE00AC566D /* Coding_ChallengeTests.swift */; };
		9414EB2D29B9F9AE00AC566D /* Coding_ChallengeUITests.swift in Sources */ = {isa = PBXBuildFile; fileRef = 9414EB2C29B9F9AE00AC566D /* Coding_ChallengeUITests.swift */; };
		9414EB2F29B9F9AE00AC566D /* Coding_ChallengeUITestsLaunchTests.swift in Sources */ = {isa = PBXBuildFile; fileRef = 9414EB2E29B9F9AE00AC566D /* Coding_ChallengeUITestsLaunchTests.swift */; };
/* End PBXBuildFile section */

/* Begin PBXContainerItemProxy section */
		9414EB1F29B9F9AE00AC566D /* PBXContainerItemProxy */ = {
			isa = PBXContainerItemProxy;
			containerPortal = 9414EB0629B9F9AA00AC566D /* Project object */;
			proxyType = 1;
			remoteGlobalIDString = 9414EB0D29B9F9AA00AC566D;
			remoteInfo = "Coding Challenge";
		};
		9414EB2929B9F9AE00AC566D /* PBXContainerItemProxy */ = {
			isa = PBXContainerItemProxy;
			containerPortal = 9414EB0629B9F9AA00AC566D /* Project object */;
			proxyType = 1;
			remoteGlobalIDString = 9414EB0D29B9F9AA00AC566D;
			remoteInfo = "Coding Challenge";
		};
/* End PBXContainerItemProxy section */

/* Begin PBXFileReference section */
		9414EB0E29B9F9AA00AC566D /* Coding Challenge.app */ = {isa = PBXFileReference; explicitFileType = wrapper.application; includeInIndex = 0; path = "Coding Challenge.app"; sourceTree = BUILT_PRODUCTS_DIR; };
		9414EB1129B9F9AA00AC566D /* Coding_ChallengeApp.swift */ = {isa = PBXFileReference; lastKnownFileType = sourcecode.swift; path = Coding_ChallengeApp.swift; sourceTree = "<group>"; };
		9414EB1329B9F9AA00AC566D /* ContentView.swift */ = {isa = PBXFileReference; lastKnownFileType = sourcecode.swift; path = ContentView.swift; sourceTree = "<group>"; };
		9414EB1529B9F9AE00AC566D /* Assets.xcassets */ = {isa = PBXFileReference; lastKnownFileType = folder.assetcatalog; path = Assets.xcassets; sourceTree = "<group>"; };
		9414EB1829B9F9AE00AC566D /* Preview Assets.xcassets */ = {isa = PBXFileReference; lastKnownFileType = folder.assetcatalog; path = "Preview Assets.xcassets"; sourceTree = "<group>"; };
		9414EB1E29B9F9AE00AC566D /* Coding ChallengeTests.xctest */ = {isa = PBXFileReference; explicitFileType = wrapper.cfbundle; includeInIndex = 0; path = "Coding ChallengeTests.xctest"; sourceTree = BUILT_PRODUCTS_DIR; };
		9414EB2229B9F9AE00AC566D /* Coding_ChallengeTests.swift */ = {isa = PBXFileReference; lastKnownFileType = sourcecode.swift; path = Coding_ChallengeTests.swift; sourceTree = "<group>"; };
		9414EB2829B9F9AE00AC566D /* Coding ChallengeUITests.xctest */ = {isa = PBXFileReference; explicitFileType = wrapper.cfbundle; includeInIndex = 0; path = "Coding ChallengeUITests.xctest"; sourceTree = BUILT_PRODUCTS_DIR; };
		9414EB2C29B9F9AE00AC566D /* Coding_ChallengeUITests.swift */ = {isa = PBXFileReference; lastKnownFileType = sourcecode.swift; path = Coding_ChallengeUITests.swift; sourceTree = "<group>"; };
		9414EB2E29B9F9AE00AC566D /* Coding_ChallengeUITestsLaunchTests.swift */ = {isa = PBXFileReference; lastKnownFileType = sourcecode.swift; path = Coding_ChallengeUITestsLaunchTests.swift; sourceTree = "<group>"; };
/* End PBXFileReference section */

/* Begin PBXFrameworksBuildPhase section */
		9414EB0B29B9F9AA00AC566D /* Frameworks */ = {
			isa = PBXFrameworksBuildPhase;
			buildActionMask = 2147483647;
			files = (
			);
			runOnlyForDeploymentPostprocessing = 0;
		};
		9414EB1B29B9F9AE00AC566D /* Frameworks */ = {
			isa = PBXFrameworksBuildPhase;
			buildActionMask = 2147483647;
			files = (
			);
			runOnlyForDeploymentPostprocessing = 0;
		};
		9414EB2529B9F9AE00AC566D /* Frameworks */ = {
			isa = PBXFrameworksBuildPhase;
			buildActionMask = 2147483647;
			files = (
			);
			runOnlyForDeploymentPostprocessing = 0;
		};
/* End PBXFrameworksBuildPhase section */

/* Begin PBXGroup section */
		9414EB0529B9F9AA00AC566D = {
			isa = PBXGroup;
			children = (
				9414EB1029B9F9AA00AC566D /* Coding Challenge */,
				9414EB2129B9F9AE00AC566D /* Coding ChallengeTests */,
				9414EB2B29B9F9AE00AC566D /* Coding ChallengeUITests */,
				9414EB0F29B9F9AA00AC566D /* Products */,
			);
			sourceTree = "<group>";
		};
		9414EB0F29B9F9AA00AC566D /* Products */ = {
			isa = PBXGroup;
			children = (
				9414EB0E29B9F9AA00AC566D /* Coding Challenge.app */,
				9414EB1E29B9F9AE00AC566D /* Coding ChallengeTests.xctest */,
				9414EB2829B9F9AE00AC566D /* Coding ChallengeUITests.xctest */,
			);
			name = Products;
			sourceTree = "<group>";
		};
		9414EB1029B9F9AA00AC566D /* Coding Challenge */ = {
			isa = PBXGroup;
			children = (
				9414EB1129B9F9AA00AC566D /* Coding_ChallengeApp.swift */,
				9414EB1329B9F9AA00AC566D /* ContentView.swift */,
				9414EB1529B9F9AE00AC566D /* Assets.xcassets */,
				9414EB1729B9F9AE00AC566D /* Preview Content */,
			);
			path = "Coding Challenge";
			sourceTree = "<group>";
		};
		9414EB1729B9F9AE00AC566D /* Preview Content */ = {
			isa = PBXGroup;
			children = (
				9414EB1829B9F9AE00AC566D /* Preview Assets.xcassets */,
			);
			path = "Preview Content";
			sourceTree = "<group>";
		};
		9414EB2129B9F9AE00AC566D /* Coding ChallengeTests */ = {
			isa = PBXGroup;
			children = (
				9414EB2229B9F9AE00AC566D /* Coding_ChallengeTests.swift */,
			);
			path = "Coding ChallengeTests";
			sourceTree = "<group>";
		};
		9414EB2B29B9F9AE00AC566D /* Coding ChallengeUITests */ = {
			isa = PBXGroup;
			children = (
				9414EB2C29B9F9AE00AC566D /* Coding_ChallengeUITests.swift */,
				9414EB2E29B9F9AE00AC566D /* Coding_ChallengeUITestsLaunchTests.swift */,
			);
			path = "Coding ChallengeUITests";
			sourceTree = "<group>";
		};
/* End PBXGroup section */

/* Begin PBXNativeTarget section */
		9414EB0D29B9F9AA00AC566D /* Coding Challenge */ = {
			isa = PBXNativeTarget;
			buildConfigurationList = 9414EB3229B9F9AE00AC566D /* Build configuration list for PBXNativeTarget "Coding Challenge" */;
			buildPhases = (
				9414EB0A29B9F9AA00AC566D /* Sources */,
				9414EB0B29B9F9AA00AC566D /* Frameworks */,
				9414EB0C29B9F9AA00AC566D /* Resources */,
			);
			buildRules = (
			);
			dependencies = (
			);
			name = "Coding Challenge";
			productName = "Coding Challenge";
			productReference = 9414EB0E29B9F9AA00AC566D /* Coding Challenge.app */;
			productType = "com.apple.product-type.application";
		};
		9414EB1D29B9F9AE00AC566D /* Coding ChallengeTests */ = {
			isa = PBXNativeTarget;
			buildConfigurationList = 9414EB3529B9F9AE00AC566D /* Build configuration list for PBXNativeTarget "Coding ChallengeTests" */;
			buildPhases = (
				9414EB1A29B9F9AE00AC566D /* Sources */,
				9414EB1B29B9F9AE00AC566D /* Frameworks */,
				9414EB1C29B9F9AE00AC566D /* Resources */,
			);
			buildRules = (
			);
			dependencies = (
				9414EB2029B9F9AE00AC566D /* PBXTargetDependency */,
			);
			name = "Coding ChallengeTests";
			productName = "Coding ChallengeTests";
			productReference = 9414EB1E29B9F9AE00AC566D /* Coding ChallengeTests.xctest */;
			productType = "com.apple.product-type.bundle.unit-test";
		};
		9414EB2729B9F9AE00AC566D /* Coding ChallengeUITests */ = {
			isa = PBXNativeTarget;
			buildConfigurationList = 9414EB3829B9F9AE00AC566D /* Build configuration list for PBXNativeTarget "Coding ChallengeUITests" */;
			buildPhases = (
				9414EB2429B9F9AE00AC566D /* Sources */,
				9414EB2529B9F9AE00AC566D /* Frameworks */,
				9414EB2629B9F9AE00AC566D /* Resources */,
			);
			buildRules = (
			);
			dependencies = (
				9414EB2A29B9F9AE00AC566D /* PBXTargetDependency */,
			);
			name = "Coding ChallengeUITests";
			productName = "Coding ChallengeUITests";
			productReference = 9414EB2829B9F9AE00AC566D /* Coding ChallengeUITests.xctest */;
			productType = "com.apple.product-type.bundle.ui-testing";
		};
/* End PBXNativeTarget section */

/* Begin PBXProject section */
		9414EB0629B9F9AA00AC566D /* Project object */ = {
			isa = PBXProject;
			attributes = {
				BuildIndependentTargetsInParallel = 1;
				LastSwiftUpdateCheck = 1420;
				LastUpgradeCheck = 1420;
				TargetAttributes = {
					9414EB0D29B9F9AA00AC566D = {
						CreatedOnToolsVersion = 14.2;
					};
					9414EB1D29B9F9AE00AC566D = {
						CreatedOnToolsVersion = 14.2;
						TestTargetID = 9414EB0D29B9F9AA00AC566D;
					};
					9414EB2729B9F9AE00AC566D = {
						CreatedOnToolsVersion = 14.2;
						TestTargetID = 9414EB0D29B9F9AA00AC566D;
					};
				};
			};
			buildConfigurationList = 9414EB0929B9F9AA00AC566D /* Build configuration list for PBXProject "Coding Challenge" */;
			compatibilityVersion = "Xcode 14.0";
			developmentRegion = en;
			hasScannedForEncodings = 0;
			knownRegions = (
				en,
				Base,
			);
			mainGroup = 9414EB0529B9F9AA00AC566D;
			productRefGroup = 9414EB0F29B9F9AA00AC566D /* Products */;
			projectDirPath = "";
			projectRoot = "";
			targets = (
				9414EB0D29B9F9AA00AC566D /* Coding Challenge */,
				9414EB1D29B9F9AE00AC566D /* Coding ChallengeTests */,
				9414EB2729B9F9AE00AC566D /* Coding ChallengeUITests */,
			);
		};
/* End PBXProject section */

/* Begin PBXResourcesBuildPhase section */
		9414EB0C29B9F9AA00AC566D /* Resources */ = {
			isa = PBXResourcesBuildPhase;
			buildActionMask = 2147483647;
			files = (
				9414EB1929B9F9AE00AC566D /* Preview Assets.xcassets in Resources */,
				9414EB1629B9F9AE00AC566D /* Assets.xcassets in Resources */,
			);
			runOnlyForDeploymentPostprocessing = 0;
		};
		9414EB1C29B9F9AE00AC566D /* Resources */ = {
			isa = PBXResourcesBuildPhase;
			buildActionMask = 2147483647;
			files = (
			);
			runOnlyForDeploymentPostprocessing = 0;
		};
		9414EB2629B9F9AE00AC566D /* Resources */ = {
			isa = PBXResourcesBuildPhase;
			buildActionMask = 2147483647;
			files = (
			);
			runOnlyForDeploymentPostprocessing = 0;
		};
/* End PBXResourcesBuildPhase section */

/* Begin PBXSourcesBuildPhase section */
		9414EB0A29B9F9AA00AC566D /* Sources */ = {
			isa = PBXSourcesBuildPhase;
			buildActionMask = 2147483647;
			files = (
				9414EB1429B9F9AA00AC566D /* ContentView.swift in Sources */,
				9414EB1229B9F9AA00AC566D /* Coding_ChallengeApp.swift in Sources */,
			);
			runOnlyForDeploymentPostprocessing = 0;
		};
		9414EB1A29B9F9AE00AC566D /* Sources */ = {
			isa = PBXSourcesBuildPhase;
			buildActionMask = 2147483647;
			files = (
				9414EB2329B9F9AE00AC566D /* Coding_ChallengeTests.swift in Sources */,
			);
			runOnlyForDeploymentPostprocessing = 0;
		};
		9414EB2429B9F9AE00AC566D /* Sources */ = {
			isa = PBXSourcesBuildPhase;
			buildActionMask = 2147483647;
			files = (
				9414EB2F29B9F9AE00AC566D /* Coding_ChallengeUITestsLaunchTests.swift in Sources */,
				9414EB2D29B9F9AE00AC566D /* Coding_ChallengeUITests.swift in Sources */,
			);
			runOnlyForDeploymentPostprocessing = 0;
		};
/* End PBXSourcesBuildPhase section */

/* Begin PBXTargetDependency section */
		9414EB2029B9F9AE00AC566D /* PBXTargetDependency */ = {
			isa = PBXTargetDependency;
			target = 9414EB0D29B9F9AA00AC566D /* Coding Challenge */;
			targetProxy = 9414EB1F29B9F9AE00AC566D /* PBXContainerItemProxy */;
		};
		9414EB2A29B9F9AE00AC566D /* PBXTargetDependency */ = {
			isa = PBXTargetDependency;
			target = 9414EB0D29B9F9AA00AC566D /* Coding Challenge */;
			targetProxy = 9414EB2929B9F9AE00AC566D /* PBXContainerItemProxy */;
		};
/* End PBXTargetDependency section */

/* Begin XCBuildConfiguration section */
		9414EB3029B9F9AE00AC566D /* Debug */ = {
			isa = XCBuildConfiguration;
			buildSettings = {
				ALWAYS_SEARCH_USER_PATHS = NO;
				CLANG_ANALYZER_NONNULL = YES;
				CLANG_ANALYZER_NUMBER_OBJECT_CONVERSION = YES_AGGRESSIVE;
				CLANG_CXX_LANGUAGE_STANDARD = "gnu++20";
				CLANG_ENABLE_MODULES = YES;
				CLANG_ENABLE_OBJC_ARC = YES;
				CLANG_ENABLE_OBJC_WEAK = YES;
				CLANG_WARN_BLOCK_CAPTURE_AUTORELEASING = YES;
				CLANG_WARN_BOOL_CONVERSION = YES;
				CLANG_WARN_COMMA = YES;
				CLANG_WARN_CONSTANT_CONVERSION = YES;
				CLANG_WARN_DEPRECATED_OBJC_IMPLEMENTATIONS = YES;
				CLANG_WARN_DIRECT_OBJC_ISA_USAGE = YES_ERROR;
				CLANG_WARN_DOCUMENTATION_COMMENTS = YES;
				CLANG_WARN_EMPTY_BODY = YES;
				CLANG_WARN_ENUM_CONVERSION = YES;
				CLANG_WARN_INFINITE_RECURSION = YES;
				CLANG_WARN_INT_CONVERSION = YES;
				CLANG_WARN_NON_LITERAL_NULL_CONVERSION = YES;
				CLANG_WARN_OBJC_IMPLICIT_RETAIN_SELF = YES;
				CLANG_WARN_OBJC_LITERAL_CONVERSION = YES;
				CLANG_WARN_OBJC_ROOT_CLASS = YES_ERROR;
				CLANG_WARN_QUOTED_INCLUDE_IN_FRAMEWORK_HEADER = YES;
				CLANG_WARN_RANGE_LOOP_ANALYSIS = YES;
				CLANG_WARN_STRICT_PROTOTYPES = YES;
				CLANG_WARN_SUSPICIOUS_MOVE = YES;
				CLANG_WARN_UNGUARDED_AVAILABILITY = YES_AGGRESSIVE;
				CLANG_WARN_UNREACHABLE_CODE = YES;
				CLANG_WARN__DUPLICATE_METHOD_MATCH = YES;
				COPY_PHASE_STRIP = NO;
				DEBUG_INFORMATION_FORMAT = dwarf;
				ENABLE_STRICT_OBJC_MSGSEND = YES;
				ENABLE_TESTABILITY = YES;
				GCC_C_LANGUAGE_STANDARD = gnu11;
				GCC_DYNAMIC_NO_PIC = NO;
				GCC_NO_COMMON_BLOCKS = YES;
				GCC_OPTIMIZATION_LEVEL = 0;
				GCC_PREPROCESSOR_DEFINITIONS = (
					"DEBUG=1",
					"$(inherited)",
				);
				GCC_WARN_64_TO_32_BIT_CONVERSION = YES;
				GCC_WARN_ABOUT_RETURN_TYPE = YES_ERROR;
				GCC_WARN_UNDECLARED_SELECTOR = YES;
				GCC_WARN_UNINITIALIZED_AUTOS = YES_AGGRESSIVE;
				GCC_WARN_UNUSED_FUNCTION = YES;
				GCC_WARN_UNUSED_VARIABLE = YES;
				IPHONEOS_DEPLOYMENT_TARGET = 16.2;
				MTL_ENABLE_DEBUG_INFO = INCLUDE_SOURCE;
				MTL_FAST_MATH = YES;
				ONLY_ACTIVE_ARCH = YES;
				SDKROOT = iphoneos;
				SWIFT_ACTIVE_COMPILATION_CONDITIONS = DEBUG;
				SWIFT_OPTIMIZATION_LEVEL = "-Onone";
			};
			name = Debug;
		};
		9414EB3129B9F9AE00AC566D /* Release */ = {
			isa = XCBuildConfiguration;
			buildSettings = {
				ALWAYS_SEARCH_USER_PATHS = NO;
				CLANG_ANALYZER_NONNULL = YES;
				CLANG_ANALYZER_NUMBER_OBJECT_CONVERSION = YES_AGGRESSIVE;
				CLANG_CXX_LANGUAGE_STANDARD = "gnu++20";
				CLANG_ENABLE_MODULES = YES;
				CLANG_ENABLE_OBJC_ARC = YES;
				CLANG_ENABLE_OBJC_WEAK = YES;
				CLANG_WARN_BLOCK_CAPTURE_AUTORELEASING = YES;
				CLANG_WARN_BOOL_CONVERSION = YES;
				CLANG_WARN_COMMA = YES;
				CLANG_WARN_CONSTANT_CONVERSION = YES;
				CLANG_WARN_DEPRECATED_OBJC_IMPLEMENTATIONS = YES;
				CLANG_WARN_DIRECT_OBJC_ISA_USAGE = YES_ERROR;
				CLANG_WARN_DOCUMENTATION_COMMENTS = YES;
				CLANG_WARN_EMPTY_BODY = YES;
				CLANG_WARN_ENUM_CONVERSION = YES;
				CLANG_WARN_INFINITE_RECURSION = YES;
				CLANG_WARN_INT_CONVERSION = YES;
				CLANG_WARN_NON_LITERAL_NULL_CONVERSION = YES;
				CLANG_WARN_OBJC_IMPLICIT_RETAIN_SELF = YES;
				CLANG_WARN_OBJC_LITERAL_CONVERSION = YES;
				CLANG_WARN_OBJC_ROOT_CLASS = YES_ERROR;
				CLANG_WARN_QUOTED_INCLUDE_IN_FRAMEWORK_HEADER = YES;
				CLANG_WARN_RANGE_LOOP_ANALYSIS = YES;
				CLANG_WARN_STRICT_PROTOTYPES = YES;
				CLANG_WARN_SUSPICIOUS_MOVE = YES;
				CLANG_WARN_UNGUARDED_AVAILABILITY = YES_AGGRESSIVE;
				CLANG_WARN_UNREACHABLE_CODE = YES;
				CLANG_WARN__DUPLICATE_METHOD_MATCH = YES;
				COPY_PHASE_STRIP = NO;
				DEBUG_INFORMATION_FORMAT = "dwarf-with-dsym";
				ENABLE_NS_ASSERTIONS = NO;
				ENABLE_STRICT_OBJC_MSGSEND = YES;
				GCC_C_LANGUAGE_STANDARD = gnu11;
				GCC_NO_COMMON_BLOCKS = YES;
				GCC_WARN_64_TO_32_BIT_CONVERSION = YES;
				GCC_WARN_ABOUT_RETURN_TYPE = YES_ERROR;
				GCC_WARN_UNDECLARED_SELECTOR = YES;
				GCC_WARN_UNINITIALIZED_AUTOS = YES_AGGRESSIVE;
				GCC_WARN_UNUSED_FUNCTION = YES;
				GCC_WARN_UNUSED_VARIABLE = YES;
				IPHONEOS_DEPLOYMENT_TARGET = 16.2;
				MTL_ENABLE_DEBUG_INFO = NO;
				MTL_FAST_MATH = YES;
				SDKROOT = iphoneos;
				SWIFT_COMPILATION_MODE = wholemodule;
				SWIFT_OPTIMIZATION_LEVEL = "-O";
				VALIDATE_PRODUCT = YES;
			};
			name = Release;
		};
		9414EB3329B9F9AE00AC566D /* Debug */ = {
			isa = XCBuildConfiguration;
			buildSettings = {
				ASSETCATALOG_COMPILER_APPICON_NAME = AppIcon;
				ASSETCATALOG_COMPILER_GLOBAL_ACCENT_COLOR_NAME = AccentColor;
				CODE_SIGN_STYLE = Automatic;
				CURRENT_PROJECT_VERSION = 1;
				DEVELOPMENT_ASSET_PATHS = "\"Coding Challenge/Preview Content\"";
				DEVELOPMENT_TEAM = 5Q8QYT2JR3;
				ENABLE_PREVIEWS = YES;
				GENERATE_INFOPLIST_FILE = YES;
				INFOPLIST_KEY_UIApplicationSceneManifest_Generation = YES;
				INFOPLIST_KEY_UIApplicationSupportsIndirectInputEvents = YES;
				INFOPLIST_KEY_UILaunchScreen_Generation = YES;
				INFOPLIST_KEY_UISupportedInterfaceOrientations_iPad = "UIInterfaceOrientationPortrait UIInterfaceOrientationPortraitUpsideDown UIInterfaceOrientationLandscapeLeft UIInterfaceOrientationLandscapeRight";
				INFOPLIST_KEY_UISupportedInterfaceOrientations_iPhone = "UIInterfaceOrientationPortrait UIInterfaceOrientationLandscapeLeft UIInterfaceOrientationLandscapeRight";
				LD_RUNPATH_SEARCH_PATHS = (
					"$(inherited)",
					"@executable_path/Frameworks",
				);
				MARKETING_VERSION = 1.0;
				PRODUCT_BUNDLE_IDENTIFIER = "com.caremerge.Coding-Challenge";
				PRODUCT_NAME = "$(TARGET_NAME)";
				SWIFT_EMIT_LOC_STRINGS = YES;
				SWIFT_VERSION = 5.0;
				TARGETED_DEVICE_FAMILY = "1,2";
			};
			name = Debug;
		};
		9414EB3429B9F9AE00AC566D /* Release */ = {
			isa = XCBuildConfiguration;
			buildSettings = {
				ASSETCATALOG_COMPILER_APPICON_NAME = AppIcon;
				ASSETCATALOG_COMPILER_GLOBAL_ACCENT_COLOR_NAME = AccentColor;
				CODE_SIGN_STYLE = Automatic;
				CURRENT_PROJECT_VERSION = 1;
				DEVELOPMENT_ASSET_PATHS = "\"Coding Challenge/Preview Content\"";
				DEVELOPMENT_TEAM = 5Q8QYT2JR3;
				ENABLE_PREVIEWS = YES;
				GENERATE_INFOPLIST_FILE = YES;
				INFOPLIST_KEY_UIApplicationSceneManifest_Generation = YES;
				INFOPLIST_KEY_UIApplicationSupportsIndirectInputEvents = YES;
				INFOPLIST_KEY_UILaunchScreen_Generation = YES;
				INFOPLIST_KEY_UISupportedInterfaceOrientations_iPad = "UIInterfaceOrientationPortrait UIInterfaceOrientationPortraitUpsideDown UIInterfaceOrientationLandscapeLeft UIInterfaceOrientationLandscapeRight";
				INFOPLIST_KEY_UISupportedInterfaceOrientations_iPhone = "UIInterfaceOrientationPortrait UIInterfaceOrientationLandscapeLeft UIInterfaceOrientationLandscapeRight";
				LD_RUNPATH_SEARCH_PATHS = (
					"$(inherited)",
					"@executable_path/Frameworks",
				);
				MARKETING_VERSION = 1.0;
				PRODUCT_BUNDLE_IDENTIFIER = "com.caremerge.Coding-Challenge";
				PRODUCT_NAME = "$(TARGET_NAME)";
				SWIFT_EMIT_LOC_STRINGS = YES;
				SWIFT_VERSION = 5.0;
				TARGETED_DEVICE_FAMILY = "1,2";
			};
			name = Release;
		};
		9414EB3629B9F9AE00AC566D /* Debug */ = {
			isa = XCBuildConfiguration;
			buildSettings = {
				ALWAYS_EMBED_SWIFT_STANDARD_LIBRARIES = YES;
				BUNDLE_LOADER = "$(TEST_HOST)";
				CODE_SIGN_STYLE = Automatic;
				CURRENT_PROJECT_VERSION = 1;
				DEVELOPMENT_TEAM = 5Q8QYT2JR3;
				GENERATE_INFOPLIST_FILE = YES;
				IPHONEOS_DEPLOYMENT_TARGET = 16.2;
				MARKETING_VERSION = 1.0;
				PRODUCT_BUNDLE_IDENTIFIER = "com.caremerge.Coding-ChallengeTests";
				PRODUCT_NAME = "$(TARGET_NAME)";
				SWIFT_EMIT_LOC_STRINGS = NO;
				SWIFT_VERSION = 5.0;
				TARGETED_DEVICE_FAMILY = "1,2";
				TEST_HOST = "$(BUILT_PRODUCTS_DIR)/Coding Challenge.app/$(BUNDLE_EXECUTABLE_FOLDER_PATH)/Coding Challenge";
			};
			name = Debug;
		};
		9414EB3729B9F9AE00AC566D /* Release */ = {
			isa = XCBuildConfiguration;
			buildSettings = {
				ALWAYS_EMBED_SWIFT_STANDARD_LIBRARIES = YES;
				BUNDLE_LOADER = "$(TEST_HOST)";
				CODE_SIGN_STYLE = Automatic;
				CURRENT_PROJECT_VERSION = 1;
				DEVELOPMENT_TEAM = 5Q8QYT2JR3;
				GENERATE_INFOPLIST_FILE = YES;
				IPHONEOS_DEPLOYMENT_TARGET = 16.2;
				MARKETING_VERSION = 1.0;
				PRODUCT_BUNDLE_IDENTIFIER = "com.caremerge.Coding-ChallengeTests";
				PRODUCT_NAME = "$(TARGET_NAME)";
				SWIFT_EMIT_LOC_STRINGS = NO;
				SWIFT_VERSION = 5.0;
				TARGETED_DEVICE_FAMILY = "1,2";
				TEST_HOST = "$(BUILT_PRODUCTS_DIR)/Coding Challenge.app/$(BUNDLE_EXECUTABLE_FOLDER_PATH)/Coding Challenge";
			};
			name = Release;
		};
		9414EB3929B9F9AE00AC566D /* Debug */ = {
			isa = XCBuildConfiguration;
			buildSettings = {
				ALWAYS_EMBED_SWIFT_STANDARD_LIBRARIES = YES;
				CODE_SIGN_STYLE = Automatic;
				CURRENT_PROJECT_VERSION = 1;
				DEVELOPMENT_TEAM = 5Q8QYT2JR3;
				GENERATE_INFOPLIST_FILE = YES;
				MARKETING_VERSION = 1.0;
				PRODUCT_BUNDLE_IDENTIFIER = "com.caremerge.Coding-ChallengeUITests";
				PRODUCT_NAME = "$(TARGET_NAME)";
				SWIFT_EMIT_LOC_STRINGS = NO;
				SWIFT_VERSION = 5.0;
				TARGETED_DEVICE_FAMILY = "1,2";
				TEST_TARGET_NAME = "Coding Challenge";
			};
			name = Debug;
		};
		9414EB3A29B9F9AE00AC566D /* Release */ = {
			isa = XCBuildConfiguration;
			buildSettings = {
				ALWAYS_EMBED_SWIFT_STANDARD_LIBRARIES = YES;
				CODE_SIGN_STYLE = Automatic;
				CURRENT_PROJECT_VERSION = 1;
				DEVELOPMENT_TEAM = 5Q8QYT2JR3;
				GENERATE_INFOPLIST_FILE = YES;
				MARKETING_VERSION = 1.0;
				PRODUCT_BUNDLE_IDENTIFIER = "com.caremerge.Coding-ChallengeUITests";
				PRODUCT_NAME = "$(TARGET_NAME)";
				SWIFT_EMIT_LOC_STRINGS = NO;
				SWIFT_VERSION = 5.0;
				TARGETED_DEVICE_FAMILY = "1,2";
				TEST_TARGET_NAME = "Coding Challenge";
			};
			name = Release;
		};
/* End XCBuildConfiguration section */

/* Begin XCConfigurationList section */
		9414EB0929B9F9AA00AC566D /* Build configuration list for PBXProject "Coding Challenge" */ = {
			isa = XCConfigurationList;
			buildConfigurations = (
				9414EB3029B9F9AE00AC566D /* Debug */,
				9414EB3129B9F9AE00AC566D /* Release */,
			);
			defaultConfigurationIsVisible = 0;
			defaultConfigurationName = Release;
		};
		9414EB3229B9F9AE00AC566D /* Build configuration list for PBXNativeTarget "Coding Challenge" */ = {
			isa = XCConfigurationList;
			buildConfigurations = (
				9414EB3329B9F9AE00AC566D /* Debug */,
				9414EB3429B9F9AE00AC566D /* Release */,
			);
			defaultConfigurationIsVisible = 0;
			defaultConfigurationName = Release;
		};
		9414EB3529B9F9AE00AC566D /* Build configuration list for PBXNativeTarget "Coding ChallengeTests" */ = {
			isa = XCConfigurationList;
			buildConfigurations = (
				9414EB3629B9F9AE00AC566D /* Debug */,
				9414EB3729B9F9AE00AC566D /* Release */,
			);
			defaultConfigurationIsVisible = 0;
			defaultConfigurationName = Release;
		};
		9414EB3829B9F9AE00AC566D /* Build configuration list for PBXNativeTarget "Coding ChallengeUITests" */ = {
			isa = XCConfigurationList;
			buildConfigurations = (
				9414EB3929B9F9AE00AC566D /* Debug */,
				9414EB3A29B9F9AE00AC566D /* Release */,
			);
			defaultConfigurationIsVisible = 0;
			defaultConfigurationName = Release;
		};
/* End XCConfigurationList section */
	};
	rootObject = 9414EB0629B9F9AA00AC566D /* Project object */;
}
